Microsoft Visual Studio Solution File, Format Version 12.00
# Visual Studio Version 17
VisualStudioVersion = 17.5.2.0
MinimumVisualStudioVersion = 10.0.40219.1
Project("{FAE04EC0-301F-11D3-BF4B-00C04F79EFBC}") = "EMC_DotNetCore_Report_Backend", "EMC_DotNetCore_Report_Backend.csproj", "{9BEC3BCB-EAD3-A2CA-C23C-E326B8EE6C9C}"
EndProject
Global
	GlobalSection(SolutionConfigurationPlatforms) = preSolution
		Debug|Any CPU = Debug|Any CPU
		Release|Any CPU = Release|Any CPU
	EndGlobalSection
	GlobalSection(ProjectConfigurationPlatforms) = postSolution
		{9BEC3BCB-EAD3-A2CA-C23C-E326B8EE6C9C}.Debug|Any CPU.ActiveCfg = Debug|Any CPU
		{9BEC3BCB-EAD3-A2CA-C23C-E326B8EE6C9C}.Debug|Any CPU.Build.0 = Debug|Any CPU
		{9BEC3BCB-EAD3-A2CA-C23C-E326B8EE6C9C}.Release|Any CPU.ActiveCfg = Release|Any CPU
		{9BEC3BCB-EAD3-A2CA-C23C-E326B8EE6C9C}.Release|Any CPU.Build.0 = Release|Any CPU
	EndGlobalSection
	GlobalSection(SolutionProperties) = preSolution
		HideSolutionNode = FALSE
	EndGlobalSection
	GlobalSection(ExtensibilityGlobals) = postSolution
		SolutionGuid = {9896E315-14B9-43DB-800D-007CE7E1A9BA}
	EndGlobalSection
EndGlobal
